<?xml version="1.0" encoding="utf-8"?>
<Project ToolsVersion="4.0" xmlns="http://schemas.microsoft.com/developer/msbuild/2003">
  <ItemGroup>
    <ClCompile Include="cAutoReleasePool.cpp">
      <Filter>관리자</Filter>
    </ClCompile>
    <ClCompile Include="cDeviceManager.cpp">
      <Filter>관리자</Filter>
    </ClCompile>
    <ClCompile Include="cFont.cpp">
      <Filter>인터페이스</Filter>
    </ClCompile>
    <ClCompile Include="cInputManager.cpp">
      <Filter>관리자</Filter>
    </ClCompile>
    <ClCompile Include="cCamera.cpp">
      <Filter>인터페이스</Filter>
    </ClCompile>
    <ClCompile Include="cMainGame.cpp">
      <Filter>씬 리스트</Filter>
    </ClCompile>
    <ClCompile Include="cObject.cpp">
      <Filter>인터페이스</Filter>
    </ClCompile>
    <ClCompile Include="cSceneManager.cpp">
      <Filter>관리자</Filter>
    </ClCompile>
    <ClCompile Include="cSceneObject.cpp">
      <Filter>인터페이스</Filter>
    </ClCompile>
    <ClCompile Include="cSoundManager.cpp">
      <Filter>관리자</Filter>
    </ClCompile>
    <ClCompile Include="cTextureManager.cpp">
      <Filter>관리자</Filter>
    </ClCompile>
    <ClCompile Include="cTimer.cpp">
      <Filter>관리자</Filter>
    </ClCompile>
    <ClCompile Include="DirectX_Frame.cpp">
      <Filter>기본 프레임워크</Filter>
    </ClCompile>
    <ClCompile Include="stdafx.cpp">
      <Filter>기본 프레임워크</Filter>
    </ClCompile>
    <ClCompile Include="cMapToolScene.cpp">
      <Filter>씬 리스트</Filter>
    </ClCompile>
    <ClCompile Include="cTestScene.cpp" />
    <ClCompile Include="cUIManager.cpp" />
  </ItemGroup>
  <ItemGroup>
    <ClInclude Include="cAutoReleasePool.h">
      <Filter>관리자</Filter>
    </ClInclude>
    <ClInclude Include="cDeviceManager.h">
      <Filter>관리자</Filter>
    </ClInclude>
    <ClInclude Include="cFont.h">
      <Filter>인터페이스</Filter>
    </ClInclude>
    <ClInclude Include="cInputManager.h">
      <Filter>관리자</Filter>
    </ClInclude>
    <ClInclude Include="cCamera.h">
      <Filter>인터페이스</Filter>
    </ClInclude>
    <ClInclude Include="cMainGame.h">
      <Filter>씬 리스트</Filter>
    </ClInclude>
    <ClInclude Include="cObject.h">
      <Filter>인터페이스</Filter>
    </ClInclude>
    <ClInclude Include="cSceneManager.h">
      <Filter>관리자</Filter>
    </ClInclude>
    <ClInclude Include="cSceneObject.h">
      <Filter>인터페이스</Filter>
    </ClInclude>
    <ClInclude Include="cSoundManager.h">
      <Filter>관리자</Filter>
    </ClInclude>
    <ClInclude Include="cTextureManager.h">
      <Filter>관리자</Filter>
    </ClInclude>
    <ClInclude Include="cTimer.h">
      <Filter>관리자</Filter>
    </ClInclude>
    <ClInclude Include="targetver.h">
      <Filter>기본 프레임워크</Filter>
    </ClInclude>
    <ClInclude Include="DirectX_Frame.h">
      <Filter>기본 프레임워크</Filter>
    </ClInclude>
    <ClInclude Include="Resource.h">
      <Filter>기본 프레임워크</Filter>
    </ClInclude>
    <ClInclude Include="stdafx.h">
      <Filter>기본 프레임워크</Filter>
    </ClInclude>
    <ClInclude Include="cMapToolScene.h">
      <Filter>씬 리스트</Filter>
    </ClInclude>
    <ClInclude Include="cTestScene.h" />
    <ClInclude Include="cUIManager.h" />
  </ItemGroup>
  <ItemGroup>
    <Image Include="DirectX_Frame.ico">
      <Filter>기본 프레임워크</Filter>
    </Image>
    <Image Include="small.ico">
      <Filter>기본 프레임워크</Filter>
    </Image>
  </ItemGroup>
  <ItemGroup>
    <Filter Include="관리자">
      <UniqueIdentifier>{a00033ce-df81-474a-a580-c6911d9ae21b}</UniqueIdentifier>
    </Filter>
    <Filter Include="인터페이스">
      <UniqueIdentifier>{e3963e1c-c25c-4106-95f3-86e82b5137ad}</UniqueIdentifier>
    </Filter>
    <Filter Include="기본 프레임워크">
      <UniqueIdentifier>{d21af26d-d1e0-420e-9223-1d586e6eeff1}</UniqueIdentifier>
    </Filter>
    <Filter Include="씬 리스트">
      <UniqueIdentifier>{9a3fe67d-450a-4f7e-962b-f2be4591745d}</UniqueIdentifier>
    </Filter>
  </ItemGroup>
  <ItemGroup>
    <ResourceCompile Include="DirectX_Frame.rc">
      <Filter>기본 프레임워크</Filter>
    </ResourceCompile>
  </ItemGroup>
  <ItemGroup>
    <Text Include="ReadMe.txt">
      <Filter>기본 프레임워크</Filter>
    </Text>
  </ItemGroup>
</Project>