<?xml version="1.0" encoding="utf-8"?>
<Project ToolsVersion="4.0" xmlns="http://schemas.microsoft.com/developer/msbuild/2003">
  <ItemGroup>
    <ClCompile Include="cAllocateHierarchy.cpp" />
    <ClCompile Include="cAutoReleasePool.cpp" />
    <ClCompile Include="cCamera.cpp" />
    <ClCompile Include="cDeviceManager.cpp" />
    <ClCompile Include="cFont.cpp" />
    <ClCompile Include="cGrid.cpp" />
    <ClCompile Include="cHeightMapLoader.cpp" />
    <ClCompile Include="cInputManager.cpp" />
    <ClCompile Include="cMapObject.cpp" />
    <ClCompile Include="cMapTerrain.cpp" />
    <ClCompile Include="cMapToolScene.cpp" />
    <ClCompile Include="cObject.cpp" />
    <ClCompile Include="cMainGame.cpp" />
    <ClCompile Include="cPyramid.cpp" />
    <ClCompile Include="cQuadTree.cpp" />
    <ClCompile Include="cSceneManager.cpp" />
    <ClCompile Include="cSceneObject.cpp" />
    <ClCompile Include="cSoundManager.cpp" />
    <ClCompile Include="cTestScene.cpp" />
    <ClCompile Include="cTextureManager.cpp" />
    <ClCompile Include="cTile.cpp" />
    <ClCompile Include="cTimer.cpp" />
    <ClCompile Include="cUIButton.cpp" />
    <ClCompile Include="cUiFontManager.cpp" />
    <ClCompile Include="cUIImageView.cpp" />
    <ClCompile Include="cUIManager.cpp" />
    <ClCompile Include="cUiObject.cpp" />
    <ClCompile Include="cUiTestScene.cpp" />
    <ClCompile Include="cUITextView.cpp" />
    <ClCompile Include="DirectX_Frame.cpp" />
    <ClCompile Include="stdafx.cpp" />
    <ClCompile Include="cFrustum.cpp" />
    <ClCompile Include="cCharTestScene.cpp" />
    <ClCompile Include="cSkinnedMesh.cpp" />
    <ClCompile Include="cSkinnedMeshManager.cpp" />
    <ClCompile Include="crtCtl.cpp" />
    <ClCompile Include="cHierarchyBones.cpp" />
    <ClCompile Include="cFrmReader.cpp" />
    <ClCompile Include="cChareterCustomScene.cpp" />
    <ClCompile Include="cPlayer.cpp" />
    <ClCompile Include="cUiCustomizingScene.cpp" />
    <ClCompile Include="cLodingScene.cpp" />
    <ClCompile Include="cDataLoder.cpp" />
    <ClCompile Include="cAnimationManager.cpp" />
    <ClCompile Include="cUiCustomizingHair.cpp" />
    <ClCompile Include="cUiCustomizingScene00playerSetup.cpp" />
    <ClCompile Include="cUiCustomizingScene01TotalSetup.cpp" />
    <ClCompile Include="cUiCustomizingScene02HairStyleSetup.cpp" />
    <ClCompile Include="cUiCustomizingScene04EyeStyleSetup.cpp" />
    <ClCompile Include="cUiCustomizingScene05MouthStyleSetup.cpp" />
    <ClCompile Include="cObjectManager.cpp" />
    <ClCompile Include="cUiCustomizingScene03ColorSetup.cpp" />
    <ClCompile Include="cImage.cpp" />
    <ClCompile Include="cRay.cpp" />
    <ClCompile Include="cAbilityParamter.cpp" />
    <ClCompile Include="cAction.cpp" />
    <ClCompile Include="cActionMove.cpp" />
    <ClCompile Include="cUiTestScene04InventorySetup.cpp" />
    <ClCompile Include="cUiTestScene01infoSetup.cpp" />
    <ClCompile Include="cUiTestScene03QuestSetup.cpp" />
    <ClCompile Include="cUiTestScene02SkillSetup.cpp" />
    <ClCompile Include="cUiTestScene00BaseSetUpUiMove.cpp" />
    <ClCompile Include="cBuilding.cpp" />
  </ItemGroup>
  <ItemGroup>
    <ClInclude Include="cAllocateHierarchy.h" />
    <ClInclude Include="cAutoReleasePool.h" />
    <ClInclude Include="cCamera.h" />
    <ClInclude Include="cDeviceManager.h" />
    <ClInclude Include="cFont.h" />
    <ClInclude Include="cGrid.h" />
    <ClInclude Include="cHeightMapLoader.h" />
    <ClInclude Include="cInputManager.h" />
    <ClInclude Include="cMapObject.h" />
    <ClInclude Include="cMapTerrain.h" />
    <ClInclude Include="cMapToolScene.h" />
    <ClInclude Include="cObject.h" />
    <ClInclude Include="cMainGame.h" />
    <ClInclude Include="cPyramid.h" />
    <ClInclude Include="cQuadTree.h" />
    <ClInclude Include="cSceneManager.h" />
    <ClInclude Include="cSceneObject.h" />
    <ClInclude Include="cSoundManager.h" />
    <ClInclude Include="cTestScene.h" />
    <ClInclude Include="cTextureManager.h" />
    <ClInclude Include="cTile.h" />
    <ClInclude Include="cTimer.h" />
    <ClInclude Include="cUIButton.h" />
    <ClInclude Include="cUiFontManager.h" />
    <ClInclude Include="cUIImageView.h" />
    <ClInclude Include="cUIManager.h" />
    <ClInclude Include="cUiObject.h" />
    <ClInclude Include="cUiTestScene.h" />
    <ClInclude Include="cUITextView.h" />
    <ClInclude Include="DirectX_Frame.h" />
    <ClInclude Include="Resource.h" />
    <ClInclude Include="stdafx.h" />
    <ClInclude Include="targetver.h" />
    <ClInclude Include="cFrustum.h" />
    <ClInclude Include="cCharTestScene.h" />
    <ClInclude Include="cSkinnedMesh.h" />
    <ClInclude Include="cSkinnedMeshManager.h" />
    <ClInclude Include="crtCtl.h" />
    <ClInclude Include="cHierarchyBones.h" />
    <ClInclude Include="cFrmReader.h" />
    <ClInclude Include="cChareterCustomScene.h" />
    <ClInclude Include="cPlayer.h" />
    <ClInclude Include="cUiCustomizingScene.h" />
    <ClInclude Include="cLodingScene.h" />
    <ClInclude Include="cDataLoder.h" />
    <ClInclude Include="cAnimationManager.h" />
    <ClInclude Include="cUiCustomizingHair.h" />
    <ClInclude Include="cObjectManager.h" />
    <ClInclude Include="cImage.h" />
    <ClInclude Include="cRay.h" />
    <ClInclude Include="cAbilityParamter.h" />
    <ClInclude Include="cAction.h" />
    <ClInclude Include="cActionMove.h" />
    <ClInclude Include="cBuilding.h" />
  </ItemGroup>
  <ItemGroup>
    <ResourceCompile Include="DirectX_Frame.rc" />
  </ItemGroup>
  <ItemGroup>
    <Image Include="DirectX_Frame.ico" />
    <Image Include="small.ico" />
  </ItemGroup>
  <ItemGroup>
    <Text Include="ReadMe.txt" />
    <Text Include="Data\SetupData.txt" />
  </ItemGroup>
</Project>